{
  "originHash" : "400abe321faf9bcc761c464efc1fc65b3226863eede9c5a4e2071abdf55180ea",
  "pins" : [
    {
      "identity" : "richtexteditor",
      "kind" : "remoteSourceControl",
      "location" : "https://github.com/porcelain72/RichTextEditor",
      "state" : {
        "branch" : "main",
        "revision" : "6713c0d03d0aa284601c984eddbd90b0aa5d3b68"
      }
    }
  ],
  "version" : 3
}
