{
  "pins" : [
    {
      "identity" : "richtexteditor",
      "kind" : "remoteSourceControl",
      "location" : "https://github.com/porcelain72/RichTextEditor",
      "state" : {
        "branch" : "main",
        "revision" : "ce4dc980ad02cc057ddbd5d0196a01fe3ef8cc15"
      }
    }
  ],
  "version" : 2
}
